// !$*UTF8*$!
{
	archiveVersion = 1;
	classes = {
	};
	objectVersion = 50;
	objects = {

/* Begin PBXBuildFile section */
		060A3F3725C8C8D00040FCA1 /* Main.storyboard in Resources */ = {isa = PBXBuildFile; fileRef = 060A3F3625C8C8D00040FCA1 /* Main.storyboard */; };
		060A3F3B25D846A30040FCA1 /* Meme.swift in Sources */ = {isa = PBXBuildFile; fileRef = 060A3F3A25D846A30040FCA1 /* Meme.swift */; };
		060DEB7B25F9A3F80087B4ED /* SentMemesCollectionViewController.swift in Sources */ = {isa = PBXBuildFile; fileRef = 060DEB7A25F9A3F80087B4ED /* SentMemesCollectionViewController.swift */; };
		060DEB7E25F9A4930087B4ED /* MemeCollectionViewCell.swift in Sources */ = {isa = PBXBuildFile; fileRef = 060DEB7D25F9A4930087B4ED /* MemeCollectionViewCell.swift */; };
		060DEB8225FC2C2C0087B4ED /* MemeDetailsViewController.swift in Sources */ = {isa = PBXBuildFile; fileRef = 060DEB8125FC2C2C0087B4ED /* MemeDetailsViewController.swift */; };
		063FAE6F25EDB90F0084E3E4 /* MemeTableViewCell.swift in Sources */ = {isa = PBXBuildFile; fileRef = 063FAE6E25EDB90F0084E3E4 /* MemeTableViewCell.swift */; };
		067FA1EE25EDAEB20086C037 /* SentMemesTableViewController.swift in Sources */ = {isa = PBXBuildFile; fileRef = 067FA1ED25EDAEB20086C037 /* SentMemesTableViewController.swift */; };
		D90F6EFE21389CC70058BB61 /* AppDelegate.swift in Sources */ = {isa = PBXBuildFile; fileRef = D90F6EFD21389CC70058BB61 /* AppDelegate.swift */; };
		D90F6F0021389CC70058BB61 /* MainViewController.swift in Sources */ = {isa = PBXBuildFile; fileRef = D90F6EFF21389CC70058BB61 /* MainViewController.swift */; };
		D90F6F0521389CC90058BB61 /* Assets.xcassets in Resources */ = {isa = PBXBuildFile; fileRef = D90F6F0421389CC90058BB61 /* Assets.xcassets */; };
		D90F6F0821389CC90058BB61 /* LaunchScreen.storyboard in Resources */ = {isa = PBXBuildFile; fileRef = D90F6F0621389CC90058BB61 /* LaunchScreen.storyboard */; };
/* End PBXBuildFile section */

/* Begin PBXFileReference section */
		060A3F3625C8C8D00040FCA1 /* Main.storyboard */ = {isa = PBXFileReference; fileEncoding = 4; lastKnownFileType = file.storyboard; path = Main.storyboard; sourceTree = "<group>"; };
		060A3F3A25D846A30040FCA1 /* Meme.swift */ = {isa = PBXFileReference; lastKnownFileType = sourcecode.swift; path = Meme.swift; sourceTree = "<group>"; };
		060DEB7A25F9A3F80087B4ED /* SentMemesCollectionViewController.swift */ = {isa = PBXFileReference; lastKnownFileType = sourcecode.swift; path = SentMemesCollectionViewController.swift; sourceTree = "<group>"; };
		060DEB7D25F9A4930087B4ED /* MemeCollectionViewCell.swift */ = {isa = PBXFileReference; lastKnownFileType = sourcecode.swift; path = MemeCollectionViewCell.swift; sourceTree = "<group>"; };
		060DEB8125FC2C2C0087B4ED /* MemeDetailsViewController.swift */ = {isa = PBXFileReference; lastKnownFileType = sourcecode.swift; path = MemeDetailsViewController.swift; sourceTree = "<group>"; };
		063FAE6E25EDB90F0084E3E4 /* MemeTableViewCell.swift */ = {isa = PBXFileReference; lastKnownFileType = sourcecode.swift; path = MemeTableViewCell.swift; sourceTree = "<group>"; };
		067FA1ED25EDAEB20086C037 /* SentMemesTableViewController.swift */ = {isa = PBXFileReference; lastKnownFileType = sourcecode.swift; path = SentMemesTableViewController.swift; sourceTree = "<group>"; };
		D90F6EFA21389CC70058BB61 /* MemeMe.app */ = {isa = PBXFileReference; explicitFileType = wrapper.application; includeInIndex = 0; path = MemeMe.app; sourceTree = BUILT_PRODUCTS_DIR; };
		D90F6EFD21389CC70058BB61 /* AppDelegate.swift */ = {isa = PBXFileReference; lastKnownFileType = sourcecode.swift; path = AppDelegate.swift; sourceTree = "<group>"; };
		D90F6EFF21389CC70058BB61 /* MainViewController.swift */ = {isa = PBXFileReference; lastKnownFileType = sourcecode.swift; path = MainViewController.swift; sourceTree = "<group>"; };
		D90F6F0421389CC90058BB61 /* Assets.xcassets */ = {isa = PBXFileReference; lastKnownFileType = folder.assetcatalog; path = Assets.xcassets; sourceTree = "<group>"; };
		D90F6F0721389CC90058BB61 /* Base */ = {isa = PBXFileReference; lastKnownFileType = file.storyboard; name = Base; path = Base.lproj/LaunchScreen.storyboard; sourceTree = "<group>"; };
		D90F6F0921389CC90058BB61 /* Info.plist */ = {isa = PBXFileReference; lastKnownFileType = text.plist.xml; path = Info.plist; sourceTree = "<group>"; };
/* End PBXFileReference section */

/* Begin PBXFrameworksBuildPhase section */
		D90F6EF721389CC70058BB61 /* Frameworks */ = {
			isa = PBXFrameworksBuildPhase;
			buildActionMask = 2147483647;
			files = (
			);
			runOnlyForDeploymentPostprocessing = 0;
		};
/* End PBXFrameworksBuildPhase section */

/* Begin PBXGroup section */
		060A3F3925D846800040FCA1 /* Model */ = {
			isa = PBXGroup;
			children = (
				060A3F3A25D846A30040FCA1 /* Meme.swift */,
			);
			path = Model;
			sourceTree = "<group>";
		};
		063FAE6D25EDB8F00084E3E4 /* View */ = {
			isa = PBXGroup;
			children = (
				063FAE6E25EDB90F0084E3E4 /* MemeTableViewCell.swift */,
				060DEB7D25F9A4930087B4ED /* MemeCollectionViewCell.swift */,
			);
			path = View;
			sourceTree = "<group>";
		};
		067FA1EC25EDAE700086C037 /* Controllers */ = {
			isa = PBXGroup;
			children = (
				D90F6EFF21389CC70058BB61 /* MainViewController.swift */,
				067FA1ED25EDAEB20086C037 /* SentMemesTableViewController.swift */,
				060DEB7A25F9A3F80087B4ED /* SentMemesCollectionViewController.swift */,
				060DEB8125FC2C2C0087B4ED /* MemeDetailsViewController.swift */,
			);
			path = Controllers;
			sourceTree = "<group>";
		};
		D90F6EF121389CC70058BB61 = {
			isa = PBXGroup;
			children = (
				D90F6EFC21389CC70058BB61 /* MemeMe */,
				D90F6EFB21389CC70058BB61 /* Products */,
			);
			sourceTree = "<group>";
		};
		D90F6EFB21389CC70058BB61 /* Products */ = {
			isa = PBXGroup;
			children = (
				D90F6EFA21389CC70058BB61 /* MemeMe.app */,
			);
			name = Products;
			sourceTree = "<group>";
		};
		D90F6EFC21389CC70058BB61 /* MemeMe */ = {
			isa = PBXGroup;
			children = (
				063FAE6D25EDB8F00084E3E4 /* View */,
				067FA1EC25EDAE700086C037 /* Controllers */,
				060A3F3925D846800040FCA1 /* Model */,
				D90F6EFD21389CC70058BB61 /* AppDelegate.swift */,
				D90F6F0421389CC90058BB61 /* Assets.xcassets */,
				060A3F3625C8C8D00040FCA1 /* Main.storyboard */,
				D90F6F0621389CC90058BB61 /* LaunchScreen.storyboard */,
				D90F6F0921389CC90058BB61 /* Info.plist */,
			);
			path = MemeMe;
			sourceTree = "<group>";
		};
/* End PBXGroup section */

/* Begin PBXNativeTarget section */
		D90F6EF921389CC70058BB61 /* MemeMe */ = {
			isa = PBXNativeTarget;
			buildConfigurationList = D90F6F0C21389CC90058BB61 /* Build configuration list for PBXNativeTarget "MemeMe" */;
			buildPhases = (
				D90F6EF621389CC70058BB61 /* Sources */,
				D90F6EF721389CC70058BB61 /* Frameworks */,
				D90F6EF821389CC70058BB61 /* Resources */,
			);
			buildRules = (
			);
			dependencies = (
			);
			name = MemeMe;
			productName = MemeMe;
			productReference = D90F6EFA21389CC70058BB61 /* MemeMe.app */;
			productType = "com.apple.product-type.application";
		};
/* End PBXNativeTarget section */

/* Begin PBXProject section */
		D90F6EF221389CC70058BB61 /* Project object */ = {
			isa = PBXProject;
			attributes = {
				LastSwiftUpdateCheck = 0940;
				LastUpgradeCheck = 0940;
				ORGANIZATIONNAME = Plumya;
				TargetAttributes = {
					D90F6EF921389CC70058BB61 = {
						CreatedOnToolsVersion = 9.4.1;
					};
				};
			};
			buildConfigurationList = D90F6EF521389CC70058BB61 /* Build configuration list for PBXProject "MemeMe" */;
			compatibilityVersion = "Xcode 9.3";
			developmentRegion = en;
			hasScannedForEncodings = 0;
			knownRegions = (
				en,
				Base,
			);
			mainGroup = D90F6EF121389CC70058BB61;
			productRefGroup = D90F6EFB21389CC70058BB61 /* Products */;
			projectDirPath = "";
			projectRoot = "";
			targets = (
				D90F6EF921389CC70058BB61 /* MemeMe */,
			);
		};
/* End PBXProject section */

/* Begin PBXResourcesBuildPhase section */
		D90F6EF821389CC70058BB61 /* Resources */ = {
			isa = PBXResourcesBuildPhase;
			buildActionMask = 2147483647;
			files = (
				060A3F3725C8C8D00040FCA1 /* Main.storyboard in Resources */,
				D90F6F0821389CC90058BB61 /* LaunchScreen.storyboard in Resources */,
				D90F6F0521389CC90058BB61 /* Assets.xcassets in Resources */,
			);
			runOnlyForDeploymentPostprocessing = 0;
		};
/* End PBXResourcesBuildPhase section */

/* Begin PBXSourcesBuildPhase section */
		D90F6EF621389CC70058BB61 /* Sources */ = {
			isa = PBXSourcesBuildPhase;
			buildActionMask = 2147483647;
			files = (
				D90F6F0021389CC70058BB61 /* MainViewController.swift in Sources */,
				067FA1EE25EDAEB20086C037 /* SentMemesTableViewController.swift in Sources */,
				060DEB7B25F9A3F80087B4ED /* SentMemesCollectionViewController.swift in Sources */,
				060DEB8225FC2C2C0087B4ED /* MemeDetailsViewController.swift in Sources */,
				063FAE6F25EDB90F0084E3E4 /* MemeTableViewCell.swift in Sources */,
				060DEB7E25F9A4930087B4ED /* MemeCollectionViewCell.swift in Sources */,
				060A3F3B25D846A30040FCA1 /* Meme.swift in Sources */,
				D90F6EFE21389CC70058BB61 /* AppDelegate.swift in Sources */,
			);
			runOnlyForDeploymentPostprocessing = 0;
		};
/* End PBXSourcesBuildPhase section */

/* Begin PBXVariantGroup section */
		D90F6F0621389CC90058BB61 /* LaunchScreen.storyboard */ = {
			isa = PBXVariantGroup;
			children = (
				D90F6F0721389CC90058BB61 /* Base */,
			);
			name = LaunchScreen.storyboard;
			sourceTree = "<group>";
		};
/* End PBXVariantGroup section */

/* Begin XCBuildConfiguration section */
		D90F6F0A21389CC90058BB61 /* Debug */ = {
			isa = XCBuildConfiguration;
			buildSettings = {
				ALWAYS_SEARCH_USER_PATHS = NO;
				CLANG_ANALYZER_NONNULL = YES;
				CLANG_ANALYZER_NUMBER_OBJECT_CONVERSION = YES_AGGRESSIVE;
				CLANG_CXX_LANGUAGE_STANDARD = "gnu++14";
				CLANG_CXX_LIBRARY = "libc++";
				CLANG_ENABLE_MODULES = YES;
				CLANG_ENABLE_OBJC_ARC = YES;
				CLANG_ENABLE_OBJC_WEAK = YES;
				CLANG_WARN_BLOCK_CAPTURE_AUTORELEASING = YES;
				CLANG_WARN_BOOL_CONVERSION = YES;
				CLANG_WARN_COMMA = YES;
				CLANG_WARN_CONSTANT_CONVERSION = YES;
				CLANG_WARN_DEPRECATED_OBJC_IMPLEMENTATIONS = YES;
				CLANG_WARN_DIRECT_OBJC_ISA_USAGE = YES_ERROR;
				CLANG_WARN_DOCUMENTATION_COMMENTS = YES;
				CLANG_WARN_EMPTY_BODY = YES;
				CLANG_WARN_ENUM_CONVERSION = YES;
				CLANG_WARN_INFINITE_RECURSION = YES;
				CLANG_WARN_INT_CONVERSION = YES;
				CLANG_WARN_NON_LITERAL_NULL_CONVERSION = YES;
				CLANG_WARN_OBJC_IMPLICIT_RETAIN_SELF = YES;
				CLANG_WARN_OBJC_LITERAL_CONVERSION = YES;
				CLANG_WARN_OBJC_ROOT_CLASS = YES_ERROR;
				CLANG_WARN_RANGE_LOOP_ANALYSIS = YES;
				CLANG_WARN_STRICT_PROTOTYPES = YES;
				CLANG_WARN_SUSPICIOUS_MOVE = YES;
				CLANG_WARN_UNGUARDED_AVAILABILITY = YES_AGGRESSIVE;
				CLANG_WARN_UNREACHABLE_CODE = YES;
				CLANG_WARN__DUPLICATE_METHOD_MATCH = YES;
				CODE_SIGN_IDENTITY = "iPhone Developer";
				COPY_PHASE_STRIP = NO;
				DEBUG_INFORMATION_FORMAT = dwarf;
				ENABLE_STRICT_OBJC_MSGSEND = YES;
				ENABLE_TESTABILITY = YES;
				GCC_C_LANGUAGE_STANDARD = gnu11;
				GCC_DYNAMIC_NO_PIC = NO;
				GCC_NO_COMMON_BLOCKS = YES;
				GCC_OPTIMIZATION_LEVEL = 0;
				GCC_PREPROCESSOR_DEFINITIONS = (
					"DEBUG=1",
					"$(inherited)",
				);
				GCC_WARN_64_TO_32_BIT_CONVERSION = YES;
				GCC_WARN_ABOUT_RETURN_TYPE = YES_ERROR;
				GCC_WARN_UNDECLARED_SELECTOR = YES;
				GCC_WARN_UNINITIALIZED_AUTOS = YES_AGGRESSIVE;
				GCC_WARN_UNUSED_FUNCTION = YES;
				GCC_WARN_UNUSED_VARIABLE = YES;
				IPHONEOS_DEPLOYMENT_TARGET = 11.4;
				MTL_ENABLE_DEBUG_INFO = YES;
				ONLY_ACTIVE_ARCH = YES;
				SDKROOT = iphoneos;
				SWIFT_ACTIVE_COMPILATION_CONDITIONS = DEBUG;
				SWIFT_OPTIMIZATION_LEVEL = "-Onone";
			};
			name = Debug;
		};
		D90F6F0B21389CC90058BB61 /* Release */ = {
			isa = XCBuildConfiguration;
			buildSettings = {
				ALWAYS_SEARCH_USER_PATHS = NO;
				CLANG_ANALYZER_NONNULL = YES;
				CLANG_ANALYZER_NUMBER_OBJECT_CONVERSION = YES_AGGRESSIVE;
				CLANG_CXX_LANGUAGE_STANDARD = "gnu++14";
				CLANG_CXX_LIBRARY = "libc++";
				CLANG_ENABLE_MODULES = YES;
				CLANG_ENABLE_OBJC_ARC = YES;
				CLANG_ENABLE_OBJC_WEAK = YES;
				CLANG_WARN_BLOCK_CAPTURE_AUTORELEASING = YES;
				CLANG_WARN_BOOL_CONVERSION = YES;
				CLANG_WARN_COMMA = YES;
				CLANG_WARN_CONSTANT_CONVERSION = YES;
				CLANG_WARN_DEPRECATED_OBJC_IMPLEMENTATIONS = YES;
				CLANG_WARN_DIRECT_OBJC_ISA_USAGE = YES_ERROR;
				CLANG_WARN_DOCUMENTATION_COMMENTS = YES;
				CLANG_WARN_EMPTY_BODY = YES;
				CLANG_WARN_ENUM_CONVERSION = YES;
				CLANG_WARN_INFINITE_RECURSION = YES;
				CLANG_WARN_INT_CONVERSION = YES;
				CLANG_WARN_NON_LITERAL_NULL_CONVERSION = YES;
				CLANG_WARN_OBJC_IMPLICIT_RETAIN_SELF = YES;
				CLANG_WARN_OBJC_LITERAL_CONVERSION = YES;
				CLANG_WARN_OBJC_ROOT_CLASS = YES_ERROR;
				CLANG_WARN_RANGE_LOOP_ANALYSIS = YES;
				CLANG_WARN_STRICT_PROTOTYPES = YES;
				CLANG_WARN_SUSPICIOUS_MOVE = YES;
				CLANG_WARN_UNGUARDED_AVAILABILITY = YES_AGGRESSIVE;
				CLANG_WARN_UNREACHABLE_CODE = YES;
				CLANG_WARN__DUPLICATE_METHOD_MATCH = YES;
				CODE_SIGN_IDENTITY = "iPhone Developer";
				COPY_PHASE_STRIP = NO;
				DEBUG_INFORMATION_FORMAT = "dwarf-with-dsym";
				ENABLE_NS_ASSERTIONS = NO;
				ENABLE_STRICT_OBJC_MSGSEND = YES;
				GCC_C_LANGUAGE_STANDARD = gnu11;
				GCC_NO_COMMON_BLOCKS = YES;
				GCC_WARN_64_TO_32_BIT_CONVERSION = YES;
				GCC_WARN_ABOUT_RETURN_TYPE = YES_ERROR;
				GCC_WARN_UNDECLARED_SELECTOR = YES;
				GCC_WARN_UNINITIALIZED_AUTOS = YES_AGGRESSIVE;
				GCC_WARN_UNUSED_FUNCTION = YES;
				GCC_WARN_UNUSED_VARIABLE = YES;
				IPHONEOS_DEPLOYMENT_TARGET = 11.4;
				MTL_ENABLE_DEBUG_INFO = NO;
				SDKROOT = iphoneos;
				SWIFT_COMPILATION_MODE = wholemodule;
				SWIFT_OPTIMIZATION_LEVEL = "-O";
				VALIDATE_PRODUCT = YES;
			};
			name = Release;
		};
		D90F6F0D21389CC90058BB61 /* Debug */ = {
			isa = XCBuildConfiguration;
			buildSettings = {
				ASSETCATALOG_COMPILER_APPICON_NAME = AppIcon;
				CODE_SIGN_STYLE = Automatic;
				DEVELOPMENT_TEAM = 96Y8X39QLJ;
				INFOPLIST_FILE = MemeMe/Info.plist;
				LD_RUNPATH_SEARCH_PATHS = (
					"$(inherited)",
					"@executable_path/Frameworks",
				);
				PRODUCT_BUNDLE_IDENTIFIER = com.plumya.MemeMe;
				PRODUCT_NAME = "$(TARGET_NAME)";
				SWIFT_VERSION = 4.0;
				TARGETED_DEVICE_FAMILY = "1,2";
			};
			name = Debug;
		};
		D90F6F0E21389CC90058BB61 /* Release */ = {
			isa = XCBuildConfiguration;
			buildSettings = {
				ASSETCATALOG_COMPILER_APPICON_NAME = AppIcon;
				CODE_SIGN_STYLE = Automatic;
				DEVELOPMENT_TEAM = 96Y8X39QLJ;
				INFOPLIST_FILE = MemeMe/Info.plist;
				LD_RUNPATH_SEARCH_PATHS = (
					"$(inherited)",
					"@executable_path/Frameworks",
				);
				PRODUCT_BUNDLE_IDENTIFIER = com.plumya.MemeMe;
				PRODUCT_NAME = "$(TARGET_NAME)";
				SWIFT_VERSION = 4.0;
				TARGETED_DEVICE_FAMILY = "1,2";
			};
			name = Release;
		};
/* End XCBuildConfiguration section */

/* Begin XCConfigurationList section */
		D90F6EF521389CC70058BB61 /* Build configuration list for PBXProject "MemeMe" */ = {
			isa = XCConfigurationList;
			buildConfigurations = (
				D90F6F0A21389CC90058BB61 /* Debug */,
				D90F6F0B21389CC90058BB61 /* Release */,
			);
			defaultConfigurationIsVisible = 0;
			defaultConfigurationName = Release;
		};
		D90F6F0C21389CC90058BB61 /* Build configuration list for PBXNativeTarget "MemeMe" */ = {
			isa = XCConfigurationList;
			buildConfigurations = (
				D90F6F0D21389CC90058BB61 /* Debug */,
				D90F6F0E21389CC90058BB61 /* Release */,
			);
			defaultConfigurationIsVisible = 0;
			defaultConfigurationName = Release;
		};
/* End XCConfigurationList section */
	};
	rootObject = D90F6EF221389CC70058BB61 /* Project object */;
}
